
Microsoft Visual Studio Solution File, Format Version 12.00
# Visual Studio 2012
Project("{FAE04EC0-301F-11D3-BF4B-00C04F79EFBC}") = "akilli_ev_uygulamasi", "akilli_ev_uygulamasi\akilli_ev_uygulamasi.csproj", "{FE58DB7E-7D6C-485D-8F2F-397C22906125}"
EndProject
Global
	GlobalSection(SolutionConfigurationPlatforms) = preSolution
		Debug|Any CPU = Debug|Any CPU
		Release|Any CPU = Release|Any CPU
	EndGlobalSection
	GlobalSection(ProjectConfigurationPlatforms) = postSolution
		{FE58DB7E-7D6C-485D-8F2F-397C22906125}.Debug|Any CPU.ActiveCfg = Debug|Any CPU
		{FE58DB7E-7D6C-485D-8F2F-397C22906125}.Debug|Any CPU.Build.0 = Debug|Any CPU
		{FE58DB7E-7D6C-485D-8F2F-397C22906125}.Release|Any CPU.ActiveCfg = Release|Any CPU
		{FE58DB7E-7D6C-485D-8F2F-397C22906125}.Release|Any CPU.Build.0 = Release|Any CPU
	EndGlobalSection
	GlobalSection(SolutionProperties) = preSolution
		HideSolutionNode = FALSE
	EndGlobalSection
EndGlobal
