
Microsoft Visual Studio Solution File, Format Version 12.00
# Visual Studio 2012
Project("{FAE04EC0-301F-11D3-BF4B-00C04F79EFBC}") = "GetSetUygulamasi", "GetSetUygulamasi\GetSetUygulamasi.csproj", "{D5C66E36-0E76-4FB3-8C2C-00ED32CCBF1B}"
EndProject
Global
	GlobalSection(SolutionConfigurationPlatforms) = preSolution
		Debug|Any CPU = Debug|Any CPU
		Release|Any CPU = Release|Any CPU
	EndGlobalSection
	GlobalSection(ProjectConfigurationPlatforms) = postSolution
		{D5C66E36-0E76-4FB3-8C2C-00ED32CCBF1B}.Debug|Any CPU.ActiveCfg = Debug|Any CPU
		{D5C66E36-0E76-4FB3-8C2C-00ED32CCBF1B}.Debug|Any CPU.Build.0 = Debug|Any CPU
		{D5C66E36-0E76-4FB3-8C2C-00ED32CCBF1B}.Release|Any CPU.ActiveCfg = Release|Any CPU
		{D5C66E36-0E76-4FB3-8C2C-00ED32CCBF1B}.Release|Any CPU.Build.0 = Release|Any CPU
	EndGlobalSection
	GlobalSection(SolutionProperties) = preSolution
		HideSolutionNode = FALSE
	EndGlobalSection
EndGlobal
