
Microsoft Visual Studio Solution File, Format Version 12.00
# Visual Studio 15
VisualStudioVersion = 15.0.28307.1927
MinimumVisualStudioVersion = 10.0.40219.1
Project("{FAE04EC0-301F-11D3-BF4B-00C04F79EFBC}") = "ForDonguListbox", "ForDonguListbox\ForDonguListbox.csproj", "{20EAB09B-C2F4-4C51-95C8-27E1275CF895}"
EndProject
Global
	GlobalSection(SolutionConfigurationPlatforms) = preSolution
		Debug|Any CPU = Debug|Any CPU
		Release|Any CPU = Release|Any CPU
	EndGlobalSection
	GlobalSection(ProjectConfigurationPlatforms) = postSolution
		{20EAB09B-C2F4-4C51-95C8-27E1275CF895}.Debug|Any CPU.ActiveCfg = Debug|Any CPU
		{20EAB09B-C2F4-4C51-95C8-27E1275CF895}.Debug|Any CPU.Build.0 = Debug|Any CPU
		{20EAB09B-C2F4-4C51-95C8-27E1275CF895}.Release|Any CPU.ActiveCfg = Release|Any CPU
		{20EAB09B-C2F4-4C51-95C8-27E1275CF895}.Release|Any CPU.Build.0 = Release|Any CPU
	EndGlobalSection
	GlobalSection(SolutionProperties) = preSolution
		HideSolutionNode = FALSE
	EndGlobalSection
	GlobalSection(ExtensibilityGlobals) = postSolution
		SolutionGuid = {910199B8-8936-4A94-8073-1562209CD7F7}
	EndGlobalSection
EndGlobal
