
Microsoft Visual Studio Solution File, Format Version 12.00
# Visual Studio 2012
Project("{FAE04EC0-301F-11D3-BF4B-00C04F79EFBC}") = "GetSetUygulamasi3", "GetSetUygulamasi3\GetSetUygulamasi3.csproj", "{AF53B6D7-F460-4084-9B5E-9D43FFD77728}"
EndProject
Global
	GlobalSection(SolutionConfigurationPlatforms) = preSolution
		Debug|Any CPU = Debug|Any CPU
		Release|Any CPU = Release|Any CPU
	EndGlobalSection
	GlobalSection(ProjectConfigurationPlatforms) = postSolution
		{AF53B6D7-F460-4084-9B5E-9D43FFD77728}.Debug|Any CPU.ActiveCfg = Debug|Any CPU
		{AF53B6D7-F460-4084-9B5E-9D43FFD77728}.Debug|Any CPU.Build.0 = Debug|Any CPU
		{AF53B6D7-F460-4084-9B5E-9D43FFD77728}.Release|Any CPU.ActiveCfg = Release|Any CPU
		{AF53B6D7-F460-4084-9B5E-9D43FFD77728}.Release|Any CPU.Build.0 = Release|Any CPU
	EndGlobalSection
	GlobalSection(SolutionProperties) = preSolution
		HideSolutionNode = FALSE
	EndGlobalSection
EndGlobal
